
Microsoft Visual Studio Solution File, Format Version 12.00
# Visual Studio Version 16
VisualStudioVersion = 16.6.30114.105
MinimumVisualStudioVersion = 10.0.40219.1
Project("{9A19103F-16F7-4668-BE54-9A1E7A4F7556}") = "R5T.T0029.Dotnet.Construction", "R5T.T0029.Dotnet.Construction\R5T.T0029.Dotnet.Construction.csproj", "{9C94BB67-176C-4579-8504-3D3EF425E217}"
EndProject
Project("{9A19103F-16F7-4668-BE54-9A1E7A4F7556}") = "R5T.T0029.Dotnet", "R5T.T0029.Dotnet\R5T.T0029.Dotnet.csproj", "{42635909-BB37-4CFB-8C91-A8A2785FFFC5}"
EndProject
Project("{2150E333-8FDC-42A3-9474-1A3956D46DE8}") = "_Dependencies", "_Dependencies", "{4D7DE11D-7C9B-430F-8538-E23724B83393}"
EndProject
Project("{9A19103F-16F7-4668-BE54-9A1E7A4F7556}") = "R5T.T0029.Abstractions", "..\..\R5T.T0029\source\R5T.T0029.Abstractions\R5T.T0029.Abstractions.csproj", "{84D0A07B-E111-4AA0-8876-A01A3A3EB7B8}"
EndProject
Project("{9A19103F-16F7-4668-BE54-9A1E7A4F7556}") = "R5T.T0028.X001", "..\..\R5T.T0028\source\R5T.T0028.X001\R5T.T0028.X001.csproj", "{84625F9C-10E1-4720-B8D7-258A3E447F8E}"
EndProject
Project("{9A19103F-16F7-4668-BE54-9A1E7A4F7556}") = "R5T.Magyar", "..\..\R5T.Magyar\source\R5T.Magyar\R5T.Magyar.csproj", "{3900C0D7-208F-478F-B357-D643E8EE2DC4}"
EndProject
Project("{9A19103F-16F7-4668-BE54-9A1E7A4F7556}") = "R5T.T0028.Abstractions", "..\..\R5T.T0028\source\R5T.T0028.Abstractions\R5T.T0028.Abstractions.csproj", "{91F33913-A586-4AF7-83ED-0D69B1767D6A}"
EndProject
Project("{9A19103F-16F7-4668-BE54-9A1E7A4F7556}") = "R5T.T0029.Dotnet.New", "R5T.T0029.Dotnet.New\R5T.T0029.Dotnet.New.csproj", "{550C445B-BF85-4842-87AD-50883C653F44}"
EndProject
Project("{9A19103F-16F7-4668-BE54-9A1E7A4F7556}") = "R5T.T0029.Dotnet.T001", "R5T.T0029.Dotnet.T001\R5T.T0029.Dotnet.T001.csproj", "{F1BB0385-F377-4244-8AAE-D565B12648C3}"
EndProject
Project("{FAE04EC0-301F-11D3-BF4B-00C04F79EFBC}") = "R5T.T0029.Dotnet.Add", "R5T.T0029.Dotnet.Add\R5T.T0029.Dotnet.Add.csproj", "{12D89D44-7AF8-40F3-A320-3ED28BFBFD25}"
EndProject
Project("{FAE04EC0-301F-11D3-BF4B-00C04F79EFBC}") = "R5T.T0029.Dotnet.X001", "R5T.T0029.Dotnet.X001\R5T.T0029.Dotnet.X001.csproj", "{1296B5BD-0478-495C-A5A8-C6C2E29CE99D}"
EndProject
Global
	GlobalSection(SolutionConfigurationPlatforms) = preSolution
		Debug|Any CPU = Debug|Any CPU
		Debug|x64 = Debug|x64
		Debug|x86 = Debug|x86
		Release|Any CPU = Release|Any CPU
		Release|x64 = Release|x64
		Release|x86 = Release|x86
	EndGlobalSection
	GlobalSection(ProjectConfigurationPlatforms) = postSolution
		{9C94BB67-176C-4579-8504-3D3EF425E217}.Debug|Any CPU.ActiveCfg = Debug|Any CPU
		{9C94BB67-176C-4579-8504-3D3EF425E217}.Debug|Any CPU.Build.0 = Debug|Any CPU
		{9C94BB67-176C-4579-8504-3D3EF425E217}.Debug|x64.ActiveCfg = Debug|Any CPU
		{9C94BB67-176C-4579-8504-3D3EF425E217}.Debug|x64.Build.0 = Debug|Any CPU
		{9C94BB67-176C-4579-8504-3D3EF425E217}.Debug|x86.ActiveCfg = Debug|Any CPU
		{9C94BB67-176C-4579-8504-3D3EF425E217}.Debug|x86.Build.0 = Debug|Any CPU
		{9C94BB67-176C-4579-8504-3D3EF425E217}.Release|Any CPU.ActiveCfg = Release|Any CPU
		{9C94BB67-176C-4579-8504-3D3EF425E217}.Release|Any CPU.Build.0 = Release|Any CPU
		{9C94BB67-176C-4579-8504-3D3EF425E217}.Release|x64.ActiveCfg = Release|Any CPU
		{9C94BB67-176C-4579-8504-3D3EF425E217}.Release|x64.Build.0 = Release|Any CPU
		{9C94BB67-176C-4579-8504-3D3EF425E217}.Release|x86.ActiveCfg = Release|Any CPU
		{9C94BB67-176C-4579-8504-3D3EF425E217}.Release|x86.Build.0 = Release|Any CPU
		{42635909-BB37-4CFB-8C91-A8A2785FFFC5}.Debug|Any CPU.ActiveCfg = Debug|Any CPU
		{42635909-BB37-4CFB-8C91-A8A2785FFFC5}.Debug|Any CPU.Build.0 = Debug|Any CPU
		{42635909-BB37-4CFB-8C91-A8A2785FFFC5}.Debug|x64.ActiveCfg = Debug|Any CPU
		{42635909-BB37-4CFB-8C91-A8A2785FFFC5}.Debug|x64.Build.0 = Debug|Any CPU
		{42635909-BB37-4CFB-8C91-A8A2785FFFC5}.Debug|x86.ActiveCfg = Debug|Any CPU
		{42635909-BB37-4CFB-8C91-A8A2785FFFC5}.Debug|x86.Build.0 = Debug|Any CPU
		{42635909-BB37-4CFB-8C91-A8A2785FFFC5}.Release|Any CPU.ActiveCfg = Release|Any CPU
		{42635909-BB37-4CFB-8C91-A8A2785FFFC5}.Release|Any CPU.Build.0 = Release|Any CPU
		{42635909-BB37-4CFB-8C91-A8A2785FFFC5}.Release|x64.ActiveCfg = Release|Any CPU
		{42635909-BB37-4CFB-8C91-A8A2785FFFC5}.Release|x64.Build.0 = Release|Any CPU
		{42635909-BB37-4CFB-8C91-A8A2785FFFC5}.Release|x86.ActiveCfg = Release|Any CPU
		{42635909-BB37-4CFB-8C91-A8A2785FFFC5}.Release|x86.Build.0 = Release|Any CPU
		{84D0A07B-E111-4AA0-8876-A01A3A3EB7B8}.Debug|Any CPU.ActiveCfg = Debug|Any CPU
		{84D0A07B-E111-4AA0-8876-A01A3A3EB7B8}.Debug|Any CPU.Build.0 = Debug|Any CPU
		{84D0A07B-E111-4AA0-8876-A01A3A3EB7B8}.Debug|x64.ActiveCfg = Debug|Any CPU
		{84D0A07B-E111-4AA0-8876-A01A3A3EB7B8}.Debug|x64.Build.0 = Debug|Any CPU
		{84D0A07B-E111-4AA0-8876-A01A3A3EB7B8}.Debug|x86.ActiveCfg = Debug|Any CPU
		{84D0A07B-E111-4AA0-8876-A01A3A3EB7B8}.Debug|x86.Build.0 = Debug|Any CPU
		{84D0A07B-E111-4AA0-8876-A01A3A3EB7B8}.Release|Any CPU.ActiveCfg = Release|Any CPU
		{84D0A07B-E111-4AA0-8876-A01A3A3EB7B8}.Release|Any CPU.Build.0 = Release|Any CPU
		{84D0A07B-E111-4AA0-8876-A01A3A3EB7B8}.Release|x64.ActiveCfg = Release|Any CPU
		{84D0A07B-E111-4AA0-8876-A01A3A3EB7B8}.Release|x64.Build.0 = Release|Any CPU
		{84D0A07B-E111-4AA0-8876-A01A3A3EB7B8}.Release|x86.ActiveCfg = Release|Any CPU
		{84D0A07B-E111-4AA0-8876-A01A3A3EB7B8}.Release|x86.Build.0 = Release|Any CPU
		{84625F9C-10E1-4720-B8D7-258A3E447F8E}.Debug|Any CPU.ActiveCfg = Debug|Any CPU
		{84625F9C-10E1-4720-B8D7-258A3E447F8E}.Debug|Any CPU.Build.0 = Debug|Any CPU
		{84625F9C-10E1-4720-B8D7-258A3E447F8E}.Debug|x64.ActiveCfg = Debug|Any CPU
		{84625F9C-10E1-4720-B8D7-258A3E447F8E}.Debug|x64.Build.0 = Debug|Any CPU
		{84625F9C-10E1-4720-B8D7-258A3E447F8E}.Debug|x86.ActiveCfg = Debug|Any CPU
		{84625F9C-10E1-4720-B8D7-258A3E447F8E}.Debug|x86.Build.0 = Debug|Any CPU
		{84625F9C-10E1-4720-B8D7-258A3E447F8E}.Release|Any CPU.ActiveCfg = Release|Any CPU
		{84625F9C-10E1-4720-B8D7-258A3E447F8E}.Release|Any CPU.Build.0 = Release|Any CPU
		{84625F9C-10E1-4720-B8D7-258A3E447F8E}.Release|x64.ActiveCfg = Release|Any CPU
		{84625F9C-10E1-4720-B8D7-258A3E447F8E}.Release|x64.Build.0 = Release|Any CPU
		{84625F9C-10E1-4720-B8D7-258A3E447F8E}.Release|x86.ActiveCfg = Release|Any CPU
		{84625F9C-10E1-4720-B8D7-258A3E447F8E}.Release|x86.Build.0 = Release|Any CPU
		{3900C0D7-208F-478F-B357-D643E8EE2DC4}.Debug|Any CPU.ActiveCfg = Debug|Any CPU
		{3900C0D7-208F-478F-B357-D643E8EE2DC4}.Debug|Any CPU.Build.0 = Debug|Any CPU
		{3900C0D7-208F-478F-B357-D643E8EE2DC4}.Debug|x64.ActiveCfg = Debug|Any CPU
		{3900C0D7-208F-478F-B357-D643E8EE2DC4}.Debug|x64.Build.0 = Debug|Any CPU
		{3900C0D7-208F-478F-B357-D643E8EE2DC4}.Debug|x86.ActiveCfg = Debug|Any CPU
		{3900C0D7-208F-478F-B357-D643E8EE2DC4}.Debug|x86.Build.0 = Debug|Any CPU
		{3900C0D7-208F-478F-B357-D643E8EE2DC4}.Release|Any CPU.ActiveCfg = Release|Any CPU
		{3900C0D7-208F-478F-B357-D643E8EE2DC4}.Release|Any CPU.Build.0 = Release|Any CPU
		{3900C0D7-208F-478F-B357-D643E8EE2DC4}.Release|x64.ActiveCfg = Release|Any CPU
		{3900C0D7-208F-478F-B357-D643E8EE2DC4}.Release|x64.Build.0 = Release|Any CPU
		{3900C0D7-208F-478F-B357-D643E8EE2DC4}.Release|x86.ActiveCfg = Release|Any CPU
		{3900C0D7-208F-478F-B357-D643E8EE2DC4}.Release|x86.Build.0 = Release|Any CPU
		{91F33913-A586-4AF7-83ED-0D69B1767D6A}.Debug|Any CPU.ActiveCfg = Debug|Any CPU
		{91F33913-A586-4AF7-83ED-0D69B1767D6A}.Debug|Any CPU.Build.0 = Debug|Any CPU
		{91F33913-A586-4AF7-83ED-0D69B1767D6A}.Debug|x64.ActiveCfg = Debug|Any CPU
		{91F33913-A586-4AF7-83ED-0D69B1767D6A}.Debug|x64.Build.0 = Debug|Any CPU
		{91F33913-A586-4AF7-83ED-0D69B1767D6A}.Debug|x86.ActiveCfg = Debug|Any CPU
		{91F33913-A586-4AF7-83ED-0D69B1767D6A}.Debug|x86.Build.0 = Debug|Any CPU
		{91F33913-A586-4AF7-83ED-0D69B1767D6A}.Release|Any CPU.ActiveCfg = Release|Any CPU
		{91F33913-A586-4AF7-83ED-0D69B1767D6A}.Release|Any CPU.Build.0 = Release|Any CPU
		{91F33913-A586-4AF7-83ED-0D69B1767D6A}.Release|x64.ActiveCfg = Release|Any CPU
		{91F33913-A586-4AF7-83ED-0D69B1767D6A}.Release|x64.Build.0 = Release|Any CPU
		{91F33913-A586-4AF7-83ED-0D69B1767D6A}.Release|x86.ActiveCfg = Release|Any CPU
		{91F33913-A586-4AF7-83ED-0D69B1767D6A}.Release|x86.Build.0 = Release|Any CPU
		{550C445B-BF85-4842-87AD-50883C653F44}.Debug|Any CPU.ActiveCfg = Debug|Any CPU
		{550C445B-BF85-4842-87AD-50883C653F44}.Debug|Any CPU.Build.0 = Debug|Any CPU
		{550C445B-BF85-4842-87AD-50883C653F44}.Debug|x64.ActiveCfg = Debug|Any CPU
		{550C445B-BF85-4842-87AD-50883C653F44}.Debug|x64.Build.0 = Debug|Any CPU
		{550C445B-BF85-4842-87AD-50883C653F44}.Debug|x86.ActiveCfg = Debug|Any CPU
		{550C445B-BF85-4842-87AD-50883C653F44}.Debug|x86.Build.0 = Debug|Any CPU
		{550C445B-BF85-4842-87AD-50883C653F44}.Release|Any CPU.ActiveCfg = Release|Any CPU
		{550C445B-BF85-4842-87AD-50883C653F44}.Release|Any CPU.Build.0 = Release|Any CPU
		{550C445B-BF85-4842-87AD-50883C653F44}.Release|x64.ActiveCfg = Release|Any CPU
		{550C445B-BF85-4842-87AD-50883C653F44}.Release|x64.Build.0 = Release|Any CPU
		{550C445B-BF85-4842-87AD-50883C653F44}.Release|x86.ActiveCfg = Release|Any CPU
		{550C445B-BF85-4842-87AD-50883C653F44}.Release|x86.Build.0 = Release|Any CPU
		{F1BB0385-F377-4244-8AAE-D565B12648C3}.Debug|Any CPU.ActiveCfg = Debug|Any CPU
		{F1BB0385-F377-4244-8AAE-D565B12648C3}.Debug|Any CPU.Build.0 = Debug|Any CPU
		{F1BB0385-F377-4244-8AAE-D565B12648C3}.Debug|x64.ActiveCfg = Debug|Any CPU
		{F1BB0385-F377-4244-8AAE-D565B12648C3}.Debug|x64.Build.0 = Debug|Any CPU
		{F1BB0385-F377-4244-8AAE-D565B12648C3}.Debug|x86.ActiveCfg = Debug|Any CPU
		{F1BB0385-F377-4244-8AAE-D565B12648C3}.Debug|x86.Build.0 = Debug|Any CPU
		{F1BB0385-F377-4244-8AAE-D565B12648C3}.Release|Any CPU.ActiveCfg = Release|Any CPU
		{F1BB0385-F377-4244-8AAE-D565B12648C3}.Release|Any CPU.Build.0 = Release|Any CPU
		{F1BB0385-F377-4244-8AAE-D565B12648C3}.Release|x64.ActiveCfg = Release|Any CPU
		{F1BB0385-F377-4244-8AAE-D565B12648C3}.Release|x64.Build.0 = Release|Any CPU
		{F1BB0385-F377-4244-8AAE-D565B12648C3}.Release|x86.ActiveCfg = Release|Any CPU
		{F1BB0385-F377-4244-8AAE-D565B12648C3}.Release|x86.Build.0 = Release|Any CPU
		{12D89D44-7AF8-40F3-A320-3ED28BFBFD25}.Debug|Any CPU.ActiveCfg = Debug|Any CPU
		{12D89D44-7AF8-40F3-A320-3ED28BFBFD25}.Debug|Any CPU.Build.0 = Debug|Any CPU
		{12D89D44-7AF8-40F3-A320-3ED28BFBFD25}.Debug|x64.ActiveCfg = Debug|Any CPU
		{12D89D44-7AF8-40F3-A320-3ED28BFBFD25}.Debug|x64.Build.0 = Debug|Any CPU
		{12D89D44-7AF8-40F3-A320-3ED28BFBFD25}.Debug|x86.ActiveCfg = Debug|Any CPU
		{12D89D44-7AF8-40F3-A320-3ED28BFBFD25}.Debug|x86.Build.0 = Debug|Any CPU
		{12D89D44-7AF8-40F3-A320-3ED28BFBFD25}.Release|Any CPU.ActiveCfg = Release|Any CPU
		{12D89D44-7AF8-40F3-A320-3ED28BFBFD25}.Release|Any CPU.Build.0 = Release|Any CPU
		{12D89D44-7AF8-40F3-A320-3ED28BFBFD25}.Release|x64.ActiveCfg = Release|Any CPU
		{12D89D44-7AF8-40F3-A320-3ED28BFBFD25}.Release|x64.Build.0 = Release|Any CPU
		{12D89D44-7AF8-40F3-A320-3ED28BFBFD25}.Release|x86.ActiveCfg = Release|Any CPU
		{12D89D44-7AF8-40F3-A320-3ED28BFBFD25}.Release|x86.Build.0 = Release|Any CPU
		{1296B5BD-0478-495C-A5A8-C6C2E29CE99D}.Debug|Any CPU.ActiveCfg = Debug|Any CPU
		{1296B5BD-0478-495C-A5A8-C6C2E29CE99D}.Debug|Any CPU.Build.0 = Debug|Any CPU
		{1296B5BD-0478-495C-A5A8-C6C2E29CE99D}.Debug|x64.ActiveCfg = Debug|Any CPU
		{1296B5BD-0478-495C-A5A8-C6C2E29CE99D}.Debug|x64.Build.0 = Debug|Any CPU
		{1296B5BD-0478-495C-A5A8-C6C2E29CE99D}.Debug|x86.ActiveCfg = Debug|Any CPU
		{1296B5BD-0478-495C-A5A8-C6C2E29CE99D}.Debug|x86.Build.0 = Debug|Any CPU
		{1296B5BD-0478-495C-A5A8-C6C2E29CE99D}.Release|Any CPU.ActiveCfg = Release|Any CPU
		{1296B5BD-0478-495C-A5A8-C6C2E29CE99D}.Release|Any CPU.Build.0 = Release|Any CPU
		{1296B5BD-0478-495C-A5A8-C6C2E29CE99D}.Release|x64.ActiveCfg = Release|Any CPU
		{1296B5BD-0478-495C-A5A8-C6C2E29CE99D}.Release|x64.Build.0 = Release|Any CPU
		{1296B5BD-0478-495C-A5A8-C6C2E29CE99D}.Release|x86.ActiveCfg = Release|Any CPU
		{1296B5BD-0478-495C-A5A8-C6C2E29CE99D}.Release|x86.Build.0 = Release|Any CPU
	EndGlobalSection
	GlobalSection(SolutionProperties) = preSolution
		HideSolutionNode = FALSE
	EndGlobalSection
	GlobalSection(NestedProjects) = preSolution
		{84D0A07B-E111-4AA0-8876-A01A3A3EB7B8} = {4D7DE11D-7C9B-430F-8538-E23724B83393}
		{84625F9C-10E1-4720-B8D7-258A3E447F8E} = {4D7DE11D-7C9B-430F-8538-E23724B83393}
		{3900C0D7-208F-478F-B357-D643E8EE2DC4} = {4D7DE11D-7C9B-430F-8538-E23724B83393}
		{91F33913-A586-4AF7-83ED-0D69B1767D6A} = {4D7DE11D-7C9B-430F-8538-E23724B83393}
	EndGlobalSection
	GlobalSection(ExtensibilityGlobals) = postSolution
		SolutionGuid = {0109CC8D-EA0D-4537-B730-C2E174F5E3E5}
	EndGlobalSection
EndGlobal
