
Microsoft Visual Studio Solution File, Format Version 12.00
# Visual Studio Version 16
VisualStudioVersion = 16.0.30114.105
MinimumVisualStudioVersion = 10.0.40219.1
Project("{FAE04EC0-301F-11D3-BF4B-00C04F79EFBC}") = "R5T.T0029.Dotnet", "R5T.T0029.Dotnet\R5T.T0029.Dotnet.csproj", "{0D50B8E2-42FC-45A4-B374-A1C335058F83}"
EndProject
Project("{FAE04EC0-301F-11D3-BF4B-00C04F79EFBC}") = "R5T.T0029.Dotnet.Add", "R5T.T0029.Dotnet.Add\R5T.T0029.Dotnet.Add.csproj", "{08E5E8CC-21AE-4A28-836E-42BAC5DF1183}"
EndProject
Project("{FAE04EC0-301F-11D3-BF4B-00C04F79EFBC}") = "R5T.T0029.Dotnet.Construction", "R5T.T0029.Dotnet.Construction\R5T.T0029.Dotnet.Construction.csproj", "{68B7E8CB-1C10-49B1-8922-87E1CC181240}"
EndProject
Project("{FAE04EC0-301F-11D3-BF4B-00C04F79EFBC}") = "R5T.T0029.Dotnet.New", "R5T.T0029.Dotnet.New\R5T.T0029.Dotnet.New.csproj", "{309EDDBD-2BB0-4341-B5F6-997D4E7F220E}"
EndProject
Project("{FAE04EC0-301F-11D3-BF4B-00C04F79EFBC}") = "R5T.T0029.Dotnet.T001", "R5T.T0029.Dotnet.T001\R5T.T0029.Dotnet.T001.csproj", "{44AED7B6-36F9-4AD5-B7C4-51E4570224F0}"
EndProject
Project("{FAE04EC0-301F-11D3-BF4B-00C04F79EFBC}") = "R5T.T0029.Dotnet.X001", "R5T.T0029.Dotnet.X001\R5T.T0029.Dotnet.X001.csproj", "{BDA4240B-C6B1-438A-A50F-2DD50F40D660}"
EndProject
Global
	GlobalSection(SolutionConfigurationPlatforms) = preSolution
		Debug|Any CPU = Debug|Any CPU
		Debug|x64 = Debug|x64
		Debug|x86 = Debug|x86
		Release|Any CPU = Release|Any CPU
		Release|x64 = Release|x64
		Release|x86 = Release|x86
	EndGlobalSection
	GlobalSection(SolutionProperties) = preSolution
		HideSolutionNode = FALSE
	EndGlobalSection
	GlobalSection(ProjectConfigurationPlatforms) = postSolution
		{0D50B8E2-42FC-45A4-B374-A1C335058F83}.Debug|Any CPU.ActiveCfg = Debug|Any CPU
		{0D50B8E2-42FC-45A4-B374-A1C335058F83}.Debug|Any CPU.Build.0 = Debug|Any CPU
		{0D50B8E2-42FC-45A4-B374-A1C335058F83}.Debug|x64.ActiveCfg = Debug|Any CPU
		{0D50B8E2-42FC-45A4-B374-A1C335058F83}.Debug|x64.Build.0 = Debug|Any CPU
		{0D50B8E2-42FC-45A4-B374-A1C335058F83}.Debug|x86.ActiveCfg = Debug|Any CPU
		{0D50B8E2-42FC-45A4-B374-A1C335058F83}.Debug|x86.Build.0 = Debug|Any CPU
		{0D50B8E2-42FC-45A4-B374-A1C335058F83}.Release|Any CPU.ActiveCfg = Release|Any CPU
		{0D50B8E2-42FC-45A4-B374-A1C335058F83}.Release|Any CPU.Build.0 = Release|Any CPU
		{0D50B8E2-42FC-45A4-B374-A1C335058F83}.Release|x64.ActiveCfg = Release|Any CPU
		{0D50B8E2-42FC-45A4-B374-A1C335058F83}.Release|x64.Build.0 = Release|Any CPU
		{0D50B8E2-42FC-45A4-B374-A1C335058F83}.Release|x86.ActiveCfg = Release|Any CPU
		{0D50B8E2-42FC-45A4-B374-A1C335058F83}.Release|x86.Build.0 = Release|Any CPU
		{08E5E8CC-21AE-4A28-836E-42BAC5DF1183}.Debug|Any CPU.ActiveCfg = Debug|Any CPU
		{08E5E8CC-21AE-4A28-836E-42BAC5DF1183}.Debug|Any CPU.Build.0 = Debug|Any CPU
		{08E5E8CC-21AE-4A28-836E-42BAC5DF1183}.Debug|x64.ActiveCfg = Debug|Any CPU
		{08E5E8CC-21AE-4A28-836E-42BAC5DF1183}.Debug|x64.Build.0 = Debug|Any CPU
		{08E5E8CC-21AE-4A28-836E-42BAC5DF1183}.Debug|x86.ActiveCfg = Debug|Any CPU
		{08E5E8CC-21AE-4A28-836E-42BAC5DF1183}.Debug|x86.Build.0 = Debug|Any CPU
		{08E5E8CC-21AE-4A28-836E-42BAC5DF1183}.Release|Any CPU.ActiveCfg = Release|Any CPU
		{08E5E8CC-21AE-4A28-836E-42BAC5DF1183}.Release|Any CPU.Build.0 = Release|Any CPU
		{08E5E8CC-21AE-4A28-836E-42BAC5DF1183}.Release|x64.ActiveCfg = Release|Any CPU
		{08E5E8CC-21AE-4A28-836E-42BAC5DF1183}.Release|x64.Build.0 = Release|Any CPU
		{08E5E8CC-21AE-4A28-836E-42BAC5DF1183}.Release|x86.ActiveCfg = Release|Any CPU
		{08E5E8CC-21AE-4A28-836E-42BAC5DF1183}.Release|x86.Build.0 = Release|Any CPU
		{68B7E8CB-1C10-49B1-8922-87E1CC181240}.Debug|Any CPU.ActiveCfg = Debug|Any CPU
		{68B7E8CB-1C10-49B1-8922-87E1CC181240}.Debug|Any CPU.Build.0 = Debug|Any CPU
		{68B7E8CB-1C10-49B1-8922-87E1CC181240}.Debug|x64.ActiveCfg = Debug|Any CPU
		{68B7E8CB-1C10-49B1-8922-87E1CC181240}.Debug|x64.Build.0 = Debug|Any CPU
		{68B7E8CB-1C10-49B1-8922-87E1CC181240}.Debug|x86.ActiveCfg = Debug|Any CPU
		{68B7E8CB-1C10-49B1-8922-87E1CC181240}.Debug|x86.Build.0 = Debug|Any CPU
		{68B7E8CB-1C10-49B1-8922-87E1CC181240}.Release|Any CPU.ActiveCfg = Release|Any CPU
		{68B7E8CB-1C10-49B1-8922-87E1CC181240}.Release|Any CPU.Build.0 = Release|Any CPU
		{68B7E8CB-1C10-49B1-8922-87E1CC181240}.Release|x64.ActiveCfg = Release|Any CPU
		{68B7E8CB-1C10-49B1-8922-87E1CC181240}.Release|x64.Build.0 = Release|Any CPU
		{68B7E8CB-1C10-49B1-8922-87E1CC181240}.Release|x86.ActiveCfg = Release|Any CPU
		{68B7E8CB-1C10-49B1-8922-87E1CC181240}.Release|x86.Build.0 = Release|Any CPU
		{309EDDBD-2BB0-4341-B5F6-997D4E7F220E}.Debug|Any CPU.ActiveCfg = Debug|Any CPU
		{309EDDBD-2BB0-4341-B5F6-997D4E7F220E}.Debug|Any CPU.Build.0 = Debug|Any CPU
		{309EDDBD-2BB0-4341-B5F6-997D4E7F220E}.Debug|x64.ActiveCfg = Debug|Any CPU
		{309EDDBD-2BB0-4341-B5F6-997D4E7F220E}.Debug|x64.Build.0 = Debug|Any CPU
		{309EDDBD-2BB0-4341-B5F6-997D4E7F220E}.Debug|x86.ActiveCfg = Debug|Any CPU
		{309EDDBD-2BB0-4341-B5F6-997D4E7F220E}.Debug|x86.Build.0 = Debug|Any CPU
		{309EDDBD-2BB0-4341-B5F6-997D4E7F220E}.Release|Any CPU.ActiveCfg = Release|Any CPU
		{309EDDBD-2BB0-4341-B5F6-997D4E7F220E}.Release|Any CPU.Build.0 = Release|Any CPU
		{309EDDBD-2BB0-4341-B5F6-997D4E7F220E}.Release|x64.ActiveCfg = Release|Any CPU
		{309EDDBD-2BB0-4341-B5F6-997D4E7F220E}.Release|x64.Build.0 = Release|Any CPU
		{309EDDBD-2BB0-4341-B5F6-997D4E7F220E}.Release|x86.ActiveCfg = Release|Any CPU
		{309EDDBD-2BB0-4341-B5F6-997D4E7F220E}.Release|x86.Build.0 = Release|Any CPU
		{44AED7B6-36F9-4AD5-B7C4-51E4570224F0}.Debug|Any CPU.ActiveCfg = Debug|Any CPU
		{44AED7B6-36F9-4AD5-B7C4-51E4570224F0}.Debug|Any CPU.Build.0 = Debug|Any CPU
		{44AED7B6-36F9-4AD5-B7C4-51E4570224F0}.Debug|x64.ActiveCfg = Debug|Any CPU
		{44AED7B6-36F9-4AD5-B7C4-51E4570224F0}.Debug|x64.Build.0 = Debug|Any CPU
		{44AED7B6-36F9-4AD5-B7C4-51E4570224F0}.Debug|x86.ActiveCfg = Debug|Any CPU
		{44AED7B6-36F9-4AD5-B7C4-51E4570224F0}.Debug|x86.Build.0 = Debug|Any CPU
		{44AED7B6-36F9-4AD5-B7C4-51E4570224F0}.Release|Any CPU.ActiveCfg = Release|Any CPU
		{44AED7B6-36F9-4AD5-B7C4-51E4570224F0}.Release|Any CPU.Build.0 = Release|Any CPU
		{44AED7B6-36F9-4AD5-B7C4-51E4570224F0}.Release|x64.ActiveCfg = Release|Any CPU
		{44AED7B6-36F9-4AD5-B7C4-51E4570224F0}.Release|x64.Build.0 = Release|Any CPU
		{44AED7B6-36F9-4AD5-B7C4-51E4570224F0}.Release|x86.ActiveCfg = Release|Any CPU
		{44AED7B6-36F9-4AD5-B7C4-51E4570224F0}.Release|x86.Build.0 = Release|Any CPU
		{BDA4240B-C6B1-438A-A50F-2DD50F40D660}.Debug|Any CPU.ActiveCfg = Debug|Any CPU
		{BDA4240B-C6B1-438A-A50F-2DD50F40D660}.Debug|Any CPU.Build.0 = Debug|Any CPU
		{BDA4240B-C6B1-438A-A50F-2DD50F40D660}.Debug|x64.ActiveCfg = Debug|Any CPU
		{BDA4240B-C6B1-438A-A50F-2DD50F40D660}.Debug|x64.Build.0 = Debug|Any CPU
		{BDA4240B-C6B1-438A-A50F-2DD50F40D660}.Debug|x86.ActiveCfg = Debug|Any CPU
		{BDA4240B-C6B1-438A-A50F-2DD50F40D660}.Debug|x86.Build.0 = Debug|Any CPU
		{BDA4240B-C6B1-438A-A50F-2DD50F40D660}.Release|Any CPU.ActiveCfg = Release|Any CPU
		{BDA4240B-C6B1-438A-A50F-2DD50F40D660}.Release|Any CPU.Build.0 = Release|Any CPU
		{BDA4240B-C6B1-438A-A50F-2DD50F40D660}.Release|x64.ActiveCfg = Release|Any CPU
		{BDA4240B-C6B1-438A-A50F-2DD50F40D660}.Release|x64.Build.0 = Release|Any CPU
		{BDA4240B-C6B1-438A-A50F-2DD50F40D660}.Release|x86.ActiveCfg = Release|Any CPU
		{BDA4240B-C6B1-438A-A50F-2DD50F40D660}.Release|x86.Build.0 = Release|Any CPU
	EndGlobalSection
EndGlobal
